// !$*UTF8*$!
{
	archiveVersion = 1;
	classes = {
	};
	objectVersion = 56;
	objects = {

/* Begin PBXBuildFile section */
		2FE05B692CBEECF5000C00C8 /* CatsApp.swift in Sources */ = {isa = PBXBuildFile; fileRef = 2FE05B682CBEECF5000C00C8 /* CatsApp.swift */; };
		2FE05B6B2CBEECF5000C00C8 /* ContentView.swift in Sources */ = {isa = PBXBuildFile; fileRef = 2FE05B6A2CBEECF5000C00C8 /* ContentView.swift */; };
		2FE05B6D2CBEECF8000C00C8 /* Assets.xcassets in Resources */ = {isa = PBXBuildFile; fileRef = 2FE05B6C2CBEECF8000C00C8 /* Assets.xcassets */; };
		2FE05B702CBEECF8000C00C8 /* Preview Assets.xcassets in Resources */ = {isa = PBXBuildFile; fileRef = 2FE05B6F2CBEECF8000C00C8 /* Preview Assets.xcassets */; };
		2FE05B7C2CBEF2E7000C00C8 /* BaseApiClient.swift in Sources */ = {isa = PBXBuildFile; fileRef = 2FE05B7B2CBEF2E7000C00C8 /* BaseApiClient.swift */; };
		2FE05B7E2CBEF4DA000C00C8 /* Environment.swift in Sources */ = {isa = PBXBuildFile; fileRef = 2FE05B7D2CBEF4DA000C00C8 /* Environment.swift */; };
		2FE05B802CC11DF7000C00C8 /* BaseError.swift in Sources */ = {isa = PBXBuildFile; fileRef = 2FE05B7F2CC11DF7000C00C8 /* BaseError.swift */; };
		2FE05B832CC14D82000C00C8 /* HomeView.swift in Sources */ = {isa = PBXBuildFile; fileRef = 2FE05B822CC14D82000C00C8 /* HomeView.swift */; };
		2FE05B882CC15236000C00C8 /* BaseView.swift in Sources */ = {isa = PBXBuildFile; fileRef = 2FE05B872CC15236000C00C8 /* BaseView.swift */; };
		2FE05B8C2CC1844D000C00C8 /* RootManager.swift in Sources */ = {isa = PBXBuildFile; fileRef = 2FE05B8B2CC1844D000C00C8 /* RootManager.swift */; };
		2FE05B902CC190AA000C00C8 /* BaseViewModel.swift in Sources */ = {isa = PBXBuildFile; fileRef = 2FE05B8F2CC190AA000C00C8 /* BaseViewModel.swift */; };
		2FE05B922CC1938D000C00C8 /* BaseAlert.swift in Sources */ = {isa = PBXBuildFile; fileRef = 2FE05B912CC1938D000C00C8 /* BaseAlert.swift */; };
		2FE05B962CC1946E000C00C8 /* Styles.swift in Sources */ = {isa = PBXBuildFile; fileRef = 2FE05B952CC1946E000C00C8 /* Styles.swift */; };
		2FE05B982CC194EA000C00C8 /* BaseButton.swift in Sources */ = {isa = PBXBuildFile; fileRef = 2FE05B972CC194EA000C00C8 /* BaseButton.swift */; };
		2FE05B9B2CC19544000C00C8 /* SwiftUI+Utils.swift in Sources */ = {isa = PBXBuildFile; fileRef = 2FE05B9A2CC19544000C00C8 /* SwiftUI+Utils.swift */; };
		2FE05B9D2CC195C0000C00C8 /* BaseBlur.swift in Sources */ = {isa = PBXBuildFile; fileRef = 2FE05B9C2CC195C0000C00C8 /* BaseBlur.swift */; };
		2FE05B9F2CC195F4000C00C8 /* UIApplication+Window.swift in Sources */ = {isa = PBXBuildFile; fileRef = 2FE05B9E2CC195F4000C00C8 /* UIApplication+Window.swift */; };
		2FE05BA12CC19839000C00C8 /* BaseLoader.swift in Sources */ = {isa = PBXBuildFile; fileRef = 2FE05BA02CC19839000C00C8 /* BaseLoader.swift */; };
		2FE05BA32CC19D4B000C00C8 /* HomeViewModel.swift in Sources */ = {isa = PBXBuildFile; fileRef = 2FE05BA22CC19D4B000C00C8 /* HomeViewModel.swift */; };
		2FE05BA52CC1B01D000C00C8 /* HomeWireframe.swift in Sources */ = {isa = PBXBuildFile; fileRef = 2FE05BA42CC1B01D000C00C8 /* HomeWireframe.swift */; };
/* End PBXBuildFile section */

/* Begin PBXFileReference section */
		2FE05B652CBEECF5000C00C8 /* Cats.app */ = {isa = PBXFileReference; explicitFileType = wrapper.application; includeInIndex = 0; path = Cats.app; sourceTree = BUILT_PRODUCTS_DIR; };
		2FE05B682CBEECF5000C00C8 /* CatsApp.swift */ = {isa = PBXFileReference; lastKnownFileType = sourcecode.swift; path = CatsApp.swift; sourceTree = "<group>"; };
		2FE05B6A2CBEECF5000C00C8 /* ContentView.swift */ = {isa = PBXFileReference; lastKnownFileType = sourcecode.swift; path = ContentView.swift; sourceTree = "<group>"; };
		2FE05B6C2CBEECF8000C00C8 /* Assets.xcassets */ = {isa = PBXFileReference; lastKnownFileType = folder.assetcatalog; path = Assets.xcassets; sourceTree = "<group>"; };
		2FE05B6F2CBEECF8000C00C8 /* Preview Assets.xcassets */ = {isa = PBXFileReference; lastKnownFileType = folder.assetcatalog; path = "Preview Assets.xcassets"; sourceTree = "<group>"; };
		2FE05B7B2CBEF2E7000C00C8 /* BaseApiClient.swift */ = {isa = PBXFileReference; lastKnownFileType = sourcecode.swift; path = BaseApiClient.swift; sourceTree = "<group>"; };
		2FE05B7D2CBEF4DA000C00C8 /* Environment.swift */ = {isa = PBXFileReference; lastKnownFileType = sourcecode.swift; path = Environment.swift; sourceTree = "<group>"; };
		2FE05B7F2CC11DF7000C00C8 /* BaseError.swift */ = {isa = PBXFileReference; lastKnownFileType = sourcecode.swift; path = BaseError.swift; sourceTree = "<group>"; };
		2FE05B822CC14D82000C00C8 /* HomeView.swift */ = {isa = PBXFileReference; lastKnownFileType = sourcecode.swift; path = HomeView.swift; sourceTree = "<group>"; };
		2FE05B872CC15236000C00C8 /* BaseView.swift */ = {isa = PBXFileReference; lastKnownFileType = sourcecode.swift; path = BaseView.swift; sourceTree = "<group>"; };
		2FE05B8B2CC1844D000C00C8 /* RootManager.swift */ = {isa = PBXFileReference; lastKnownFileType = sourcecode.swift; path = RootManager.swift; sourceTree = "<group>"; };
		2FE05B8F2CC190AA000C00C8 /* BaseViewModel.swift */ = {isa = PBXFileReference; lastKnownFileType = sourcecode.swift; path = BaseViewModel.swift; sourceTree = "<group>"; };
		2FE05B912CC1938D000C00C8 /* BaseAlert.swift */ = {isa = PBXFileReference; lastKnownFileType = sourcecode.swift; path = BaseAlert.swift; sourceTree = "<group>"; };
		2FE05B952CC1946E000C00C8 /* Styles.swift */ = {isa = PBXFileReference; lastKnownFileType = sourcecode.swift; path = Styles.swift; sourceTree = "<group>"; };
		2FE05B972CC194EA000C00C8 /* BaseButton.swift */ = {isa = PBXFileReference; lastKnownFileType = sourcecode.swift; path = BaseButton.swift; sourceTree = "<group>"; };
		2FE05B9A2CC19544000C00C8 /* SwiftUI+Utils.swift */ = {isa = PBXFileReference; lastKnownFileType = sourcecode.swift; path = "SwiftUI+Utils.swift"; sourceTree = "<group>"; };
		2FE05B9C2CC195C0000C00C8 /* BaseBlur.swift */ = {isa = PBXFileReference; lastKnownFileType = sourcecode.swift; path = BaseBlur.swift; sourceTree = "<group>"; };
		2FE05B9E2CC195F4000C00C8 /* UIApplication+Window.swift */ = {isa = PBXFileReference; lastKnownFileType = sourcecode.swift; path = "UIApplication+Window.swift"; sourceTree = "<group>"; };
		2FE05BA02CC19839000C00C8 /* BaseLoader.swift */ = {isa = PBXFileReference; lastKnownFileType = sourcecode.swift; path = BaseLoader.swift; sourceTree = "<group>"; };
		2FE05BA22CC19D4B000C00C8 /* HomeViewModel.swift */ = {isa = PBXFileReference; lastKnownFileType = sourcecode.swift; path = HomeViewModel.swift; sourceTree = "<group>"; };
		2FE05BA42CC1B01D000C00C8 /* HomeWireframe.swift */ = {isa = PBXFileReference; lastKnownFileType = sourcecode.swift; path = HomeWireframe.swift; sourceTree = "<group>"; };
/* End PBXFileReference section */

/* Begin PBXFrameworksBuildPhase section */
		2FE05B622CBEECF5000C00C8 /* Frameworks */ = {
			isa = PBXFrameworksBuildPhase;
			buildActionMask = 2147483647;
			files = (
			);
			runOnlyForDeploymentPostprocessing = 0;
		};
/* End PBXFrameworksBuildPhase section */

/* Begin PBXGroup section */
		2FE05B5C2CBEECF5000C00C8 = {
			isa = PBXGroup;
			children = (
				2FE05B672CBEECF5000C00C8 /* Cats */,
				2FE05B662CBEECF5000C00C8 /* Products */,
			);
			sourceTree = "<group>";
		};
		2FE05B662CBEECF5000C00C8 /* Products */ = {
			isa = PBXGroup;
			children = (
				2FE05B652CBEECF5000C00C8 /* Cats.app */,
			);
			name = Products;
			sourceTree = "<group>";
		};
		2FE05B672CBEECF5000C00C8 /* Cats */ = {
			isa = PBXGroup;
			children = (
				2FE05B682CBEECF5000C00C8 /* CatsApp.swift */,
				2FE05B762CBEED90000C00C8 /* Code */,
				2FE05B842CC15034000C00C8 /* Resources */,
				2FE05B6E2CBEECF8000C00C8 /* Preview Content */,
			);
			path = Cats;
			sourceTree = "<group>";
		};
		2FE05B6E2CBEECF8000C00C8 /* Preview Content */ = {
			isa = PBXGroup;
			children = (
				2FE05B6F2CBEECF8000C00C8 /* Preview Assets.xcassets */,
			);
			path = "Preview Content";
			sourceTree = "<group>";
		};
		2FE05B762CBEED90000C00C8 /* Code */ = {
			isa = PBXGroup;
			children = (
				2FE05B942CC1943F000C00C8 /* Common */,
				2FE05B772CBEF100000C00C8 /* Modules */,
			);
			path = Code;
			sourceTree = "<group>";
		};
		2FE05B772CBEF100000C00C8 /* Modules */ = {
			isa = PBXGroup;
			children = (
				2FE05B812CC14D73000C00C8 /* Home */,
				2FE05B6A2CBEECF5000C00C8 /* ContentView.swift */,
			);
			path = Modules;
			sourceTree = "<group>";
		};
		2FE05B782CBEF107000C00C8 /* Config */ = {
			isa = PBXGroup;
			children = (
				2FE05B7D2CBEF4DA000C00C8 /* Environment.swift */,
				2FE05B8B2CC1844D000C00C8 /* RootManager.swift */,
			);
			path = Config;
			sourceTree = "<group>";
		};
		2FE05B792CBEF110000C00C8 /* Base */ = {
			isa = PBXGroup;
			children = (
				2FE05B912CC1938D000C00C8 /* BaseAlert.swift */,
				2FE05B7B2CBEF2E7000C00C8 /* BaseApiClient.swift */,
				2FE05B9C2CC195C0000C00C8 /* BaseBlur.swift */,
				2FE05B972CC194EA000C00C8 /* BaseButton.swift */,
				2FE05B7F2CC11DF7000C00C8 /* BaseError.swift */,
				2FE05BA02CC19839000C00C8 /* BaseLoader.swift */,
				2FE05B872CC15236000C00C8 /* BaseView.swift */,
				2FE05B8F2CC190AA000C00C8 /* BaseViewModel.swift */,
			);
			path = Base;
			sourceTree = "<group>";
		};
		2FE05B812CC14D73000C00C8 /* Home */ = {
			isa = PBXGroup;
			children = (
				2FE05B822CC14D82000C00C8 /* HomeView.swift */,
				2FE05BA22CC19D4B000C00C8 /* HomeViewModel.swift */,
				2FE05BA42CC1B01D000C00C8 /* HomeWireframe.swift */,
			);
			path = Home;
			sourceTree = "<group>";
		};
		2FE05B842CC15034000C00C8 /* Resources */ = {
			isa = PBXGroup;
			children = (
				2FE05B6C2CBEECF8000C00C8 /* Assets.xcassets */,
			);
			path = Resources;
			sourceTree = "<group>";
		};
		2FE05B932CC19428000C00C8 /* Style */ = {
			isa = PBXGroup;
			children = (
				2FE05B952CC1946E000C00C8 /* Styles.swift */,
			);
			path = Style;
			sourceTree = "<group>";
		};
		2FE05B942CC1943F000C00C8 /* Common */ = {
			isa = PBXGroup;
			children = (
				2FE05B792CBEF110000C00C8 /* Base */,
				2FE05B782CBEF107000C00C8 /* Config */,
				2FE05B992CC19532000C00C8 /* Extensions */,
				2FE05B932CC19428000C00C8 /* Style */,
			);
			path = Common;
			sourceTree = "<group>";
		};
		2FE05B992CC19532000C00C8 /* Extensions */ = {
			isa = PBXGroup;
			children = (
				2FE05B9A2CC19544000C00C8 /* SwiftUI+Utils.swift */,
				2FE05B9E2CC195F4000C00C8 /* UIApplication+Window.swift */,
			);
			path = Extensions;
			sourceTree = "<group>";
		};
/* End PBXGroup section */

/* Begin PBXNativeTarget section */
		2FE05B642CBEECF5000C00C8 /* Cats */ = {
			isa = PBXNativeTarget;
			buildConfigurationList = 2FE05B732CBEECF8000C00C8 /* Build configuration list for PBXNativeTarget "Cats" */;
			buildPhases = (
				2FE05B612CBEECF5000C00C8 /* Sources */,
				2FE05B622CBEECF5000C00C8 /* Frameworks */,
				2FE05B632CBEECF5000C00C8 /* Resources */,
			);
			buildRules = (
			);
			dependencies = (
			);
			name = Cats;
			productName = Cats;
			productReference = 2FE05B652CBEECF5000C00C8 /* Cats.app */;
			productType = "com.apple.product-type.application";
		};
/* End PBXNativeTarget section */

/* Begin PBXProject section */
		2FE05B5D2CBEECF5000C00C8 /* Project object */ = {
			isa = PBXProject;
			attributes = {
				BuildIndependentTargetsInParallel = 1;
				LastSwiftUpdateCheck = 1520;
				LastUpgradeCheck = 1520;
				TargetAttributes = {
					2FE05B642CBEECF5000C00C8 = {
						CreatedOnToolsVersion = 15.2;
					};
				};
			};
			buildConfigurationList = 2FE05B602CBEECF5000C00C8 /* Build configuration list for PBXProject "Cats" */;
			compatibilityVersion = "Xcode 14.0";
			developmentRegion = en;
			hasScannedForEncodings = 0;
			knownRegions = (
				en,
				Base,
			);
			mainGroup = 2FE05B5C2CBEECF5000C00C8;
			productRefGroup = 2FE05B662CBEECF5000C00C8 /* Products */;
			projectDirPath = "";
			projectRoot = "";
			targets = (
				2FE05B642CBEECF5000C00C8 /* Cats */,
			);
		};
/* End PBXProject section */

/* Begin PBXResourcesBuildPhase section */
		2FE05B632CBEECF5000C00C8 /* Resources */ = {
			isa = PBXResourcesBuildPhase;
			buildActionMask = 2147483647;
			files = (
				2FE05B702CBEECF8000C00C8 /* Preview Assets.xcassets in Resources */,
				2FE05B6D2CBEECF8000C00C8 /* Assets.xcassets in Resources */,
			);
			runOnlyForDeploymentPostprocessing = 0;
		};
/* End PBXResourcesBuildPhase section */

/* Begin PBXSourcesBuildPhase section */
		2FE05B612CBEECF5000C00C8 /* Sources */ = {
			isa = PBXSourcesBuildPhase;
			buildActionMask = 2147483647;
			files = (
				2FE05BA32CC19D4B000C00C8 /* HomeViewModel.swift in Sources */,
				2FE05B962CC1946E000C00C8 /* Styles.swift in Sources */,
				2FE05B6B2CBEECF5000C00C8 /* ContentView.swift in Sources */,
				2FE05B7E2CBEF4DA000C00C8 /* Environment.swift in Sources */,
				2FE05B7C2CBEF2E7000C00C8 /* BaseApiClient.swift in Sources */,
				2FE05BA52CC1B01D000C00C8 /* HomeWireframe.swift in Sources */,
				2FE05B832CC14D82000C00C8 /* HomeView.swift in Sources */,
				2FE05B882CC15236000C00C8 /* BaseView.swift in Sources */,
				2FE05B9F2CC195F4000C00C8 /* UIApplication+Window.swift in Sources */,
				2FE05B922CC1938D000C00C8 /* BaseAlert.swift in Sources */,
				2FE05B902CC190AA000C00C8 /* BaseViewModel.swift in Sources */,
				2FE05B9B2CC19544000C00C8 /* SwiftUI+Utils.swift in Sources */,
				2FE05B9D2CC195C0000C00C8 /* BaseBlur.swift in Sources */,
				2FE05B692CBEECF5000C00C8 /* CatsApp.swift in Sources */,
				2FE05B802CC11DF7000C00C8 /* BaseError.swift in Sources */,
				2FE05BA12CC19839000C00C8 /* BaseLoader.swift in Sources */,
				2FE05B982CC194EA000C00C8 /* BaseButton.swift in Sources */,
				2FE05B8C2CC1844D000C00C8 /* RootManager.swift in Sources */,
			);
			runOnlyForDeploymentPostprocessing = 0;
		};
/* End PBXSourcesBuildPhase section */

/* Begin XCBuildConfiguration section */
		2FE05B712CBEECF8000C00C8 /* Debug */ = {
			isa = XCBuildConfiguration;
			buildSettings = {
				ALWAYS_SEARCH_USER_PATHS = NO;
				ASSETCATALOG_COMPILER_GENERATE_SWIFT_ASSET_SYMBOL_EXTENSIONS = YES;
				CLANG_ANALYZER_NONNULL = YES;
				CLANG_ANALYZER_NUMBER_OBJECT_CONVERSION = YES_AGGRESSIVE;
				CLANG_CXX_LANGUAGE_STANDARD = "gnu++20";
				CLANG_ENABLE_MODULES = YES;
				CLANG_ENABLE_OBJC_ARC = YES;
				CLANG_ENABLE_OBJC_WEAK = YES;
				CLANG_WARN_BLOCK_CAPTURE_AUTORELEASING = YES;
				CLANG_WARN_BOOL_CONVERSION = YES;
				CLANG_WARN_COMMA = YES;
				CLANG_WARN_CONSTANT_CONVERSION = YES;
				CLANG_WARN_DEPRECATED_OBJC_IMPLEMENTATIONS = YES;
				CLANG_WARN_DIRECT_OBJC_ISA_USAGE = YES_ERROR;
				CLANG_WARN_DOCUMENTATION_COMMENTS = YES;
				CLANG_WARN_EMPTY_BODY = YES;
				CLANG_WARN_ENUM_CONVERSION = YES;
				CLANG_WARN_INFINITE_RECURSION = YES;
				CLANG_WARN_INT_CONVERSION = YES;
				CLANG_WARN_NON_LITERAL_NULL_CONVERSION = YES;
				CLANG_WARN_OBJC_IMPLICIT_RETAIN_SELF = YES;
				CLANG_WARN_OBJC_LITERAL_CONVERSION = YES;
				CLANG_WARN_OBJC_ROOT_CLASS = YES_ERROR;
				CLANG_WARN_QUOTED_INCLUDE_IN_FRAMEWORK_HEADER = YES;
				CLANG_WARN_RANGE_LOOP_ANALYSIS = YES;
				CLANG_WARN_STRICT_PROTOTYPES = YES;
				CLANG_WARN_SUSPICIOUS_MOVE = YES;
				CLANG_WARN_UNGUARDED_AVAILABILITY = YES_AGGRESSIVE;
				CLANG_WARN_UNREACHABLE_CODE = YES;
				CLANG_WARN__DUPLICATE_METHOD_MATCH = YES;
				COPY_PHASE_STRIP = NO;
				DEBUG_INFORMATION_FORMAT = dwarf;
				ENABLE_STRICT_OBJC_MSGSEND = YES;
				ENABLE_TESTABILITY = YES;
				ENABLE_USER_SCRIPT_SANDBOXING = YES;
				GCC_C_LANGUAGE_STANDARD = gnu17;
				GCC_DYNAMIC_NO_PIC = NO;
				GCC_NO_COMMON_BLOCKS = YES;
				GCC_OPTIMIZATION_LEVEL = 0;
				GCC_PREPROCESSOR_DEFINITIONS = (
					"DEBUG=1",
					"$(inherited)",
				);
				GCC_WARN_64_TO_32_BIT_CONVERSION = YES;
				GCC_WARN_ABOUT_RETURN_TYPE = YES_ERROR;
				GCC_WARN_UNDECLARED_SELECTOR = YES;
				GCC_WARN_UNINITIALIZED_AUTOS = YES_AGGRESSIVE;
				GCC_WARN_UNUSED_FUNCTION = YES;
				GCC_WARN_UNUSED_VARIABLE = YES;
				IPHONEOS_DEPLOYMENT_TARGET = 17.2;
				LOCALIZATION_PREFERS_STRING_CATALOGS = YES;
				MTL_ENABLE_DEBUG_INFO = INCLUDE_SOURCE;
				MTL_FAST_MATH = YES;
				ONLY_ACTIVE_ARCH = YES;
				SDKROOT = iphoneos;
				SWIFT_ACTIVE_COMPILATION_CONDITIONS = "DEBUG $(inherited)";
				SWIFT_OPTIMIZATION_LEVEL = "-Onone";
			};
			name = Debug;
		};
		2FE05B722CBEECF8000C00C8 /* Release */ = {
			isa = XCBuildConfiguration;
			buildSettings = {
				ALWAYS_SEARCH_USER_PATHS = NO;
				ASSETCATALOG_COMPILER_GENERATE_SWIFT_ASSET_SYMBOL_EXTENSIONS = YES;
				CLANG_ANALYZER_NONNULL = YES;
				CLANG_ANALYZER_NUMBER_OBJECT_CONVERSION = YES_AGGRESSIVE;
				CLANG_CXX_LANGUAGE_STANDARD = "gnu++20";
				CLANG_ENABLE_MODULES = YES;
				CLANG_ENABLE_OBJC_ARC = YES;
				CLANG_ENABLE_OBJC_WEAK = YES;
				CLANG_WARN_BLOCK_CAPTURE_AUTORELEASING = YES;
				CLANG_WARN_BOOL_CONVERSION = YES;
				CLANG_WARN_COMMA = YES;
				CLANG_WARN_CONSTANT_CONVERSION = YES;
				CLANG_WARN_DEPRECATED_OBJC_IMPLEMENTATIONS = YES;
				CLANG_WARN_DIRECT_OBJC_ISA_USAGE = YES_ERROR;
				CLANG_WARN_DOCUMENTATION_COMMENTS = YES;
				CLANG_WARN_EMPTY_BODY = YES;
				CLANG_WARN_ENUM_CONVERSION = YES;
				CLANG_WARN_INFINITE_RECURSION = YES;
				CLANG_WARN_INT_CONVERSION = YES;
				CLANG_WARN_NON_LITERAL_NULL_CONVERSION = YES;
				CLANG_WARN_OBJC_IMPLICIT_RETAIN_SELF = YES;
				CLANG_WARN_OBJC_LITERAL_CONVERSION = YES;
				CLANG_WARN_OBJC_ROOT_CLASS = YES_ERROR;
				CLANG_WARN_QUOTED_INCLUDE_IN_FRAMEWORK_HEADER = YES;
				CLANG_WARN_RANGE_LOOP_ANALYSIS = YES;
				CLANG_WARN_STRICT_PROTOTYPES = YES;
				CLANG_WARN_SUSPICIOUS_MOVE = YES;
				CLANG_WARN_UNGUARDED_AVAILABILITY = YES_AGGRESSIVE;
				CLANG_WARN_UNREACHABLE_CODE = YES;
				CLANG_WARN__DUPLICATE_METHOD_MATCH = YES;
				COPY_PHASE_STRIP = NO;
				DEBUG_INFORMATION_FORMAT = "dwarf-with-dsym";
				ENABLE_NS_ASSERTIONS = NO;
				ENABLE_STRICT_OBJC_MSGSEND = YES;
				ENABLE_USER_SCRIPT_SANDBOXING = YES;
				GCC_C_LANGUAGE_STANDARD = gnu17;
				GCC_NO_COMMON_BLOCKS = YES;
				GCC_WARN_64_TO_32_BIT_CONVERSION = YES;
				GCC_WARN_ABOUT_RETURN_TYPE = YES_ERROR;
				GCC_WARN_UNDECLARED_SELECTOR = YES;
				GCC_WARN_UNINITIALIZED_AUTOS = YES_AGGRESSIVE;
				GCC_WARN_UNUSED_FUNCTION = YES;
				GCC_WARN_UNUSED_VARIABLE = YES;
				IPHONEOS_DEPLOYMENT_TARGET = 17.2;
				LOCALIZATION_PREFERS_STRING_CATALOGS = YES;
				MTL_ENABLE_DEBUG_INFO = NO;
				MTL_FAST_MATH = YES;
				SDKROOT = iphoneos;
				SWIFT_COMPILATION_MODE = wholemodule;
				VALIDATE_PRODUCT = YES;
			};
			name = Release;
		};
		2FE05B742CBEECF8000C00C8 /* Debug */ = {
			isa = XCBuildConfiguration;
			buildSettings = {
				ASSETCATALOG_COMPILER_APPICON_NAME = AppIcon;
				ASSETCATALOG_COMPILER_GLOBAL_ACCENT_COLOR_NAME = AccentColor;
				CODE_SIGN_STYLE = Manual;
				CURRENT_PROJECT_VERSION = 1;
				DEVELOPMENT_ASSET_PATHS = "\"Cats/Preview Content\"";
				DEVELOPMENT_TEAM = "";
				ENABLE_PREVIEWS = YES;
				GENERATE_INFOPLIST_FILE = YES;
				INFOPLIST_KEY_UIApplicationSceneManifest_Generation = YES;
				INFOPLIST_KEY_UIApplicationSupportsIndirectInputEvents = YES;
				INFOPLIST_KEY_UILaunchScreen_Generation = YES;
				INFOPLIST_KEY_UISupportedInterfaceOrientations_iPad = "UIInterfaceOrientationPortrait UIInterfaceOrientationPortraitUpsideDown UIInterfaceOrientationLandscapeLeft UIInterfaceOrientationLandscapeRight";
				INFOPLIST_KEY_UISupportedInterfaceOrientations_iPhone = "UIInterfaceOrientationPortrait UIInterfaceOrientationLandscapeLeft UIInterfaceOrientationLandscapeRight";
				LD_RUNPATH_SEARCH_PATHS = (
					"$(inherited)",
					"@executable_path/Frameworks",
				);
				MARKETING_VERSION = 1.0;
				PRODUCT_BUNDLE_IDENTIFIER = com.diego.Cats;
				PRODUCT_NAME = "$(TARGET_NAME)";
				PROVISIONING_PROFILE_SPECIFIER = "";
				SWIFT_EMIT_LOC_STRINGS = YES;
				SWIFT_VERSION = 5.0;
				TARGETED_DEVICE_FAMILY = "1,2";
			};
			name = Debug;
		};
		2FE05B752CBEECF8000C00C8 /* Release */ = {
			isa = XCBuildConfiguration;
			buildSettings = {
				ASSETCATALOG_COMPILER_APPICON_NAME = AppIcon;
				ASSETCATALOG_COMPILER_GLOBAL_ACCENT_COLOR_NAME = AccentColor;
				CODE_SIGN_STYLE = Manual;
				CURRENT_PROJECT_VERSION = 1;
				DEVELOPMENT_ASSET_PATHS = "\"Cats/Preview Content\"";
				DEVELOPMENT_TEAM = "";
				ENABLE_PREVIEWS = YES;
				GENERATE_INFOPLIST_FILE = YES;
				INFOPLIST_KEY_UIApplicationSceneManifest_Generation = YES;
				INFOPLIST_KEY_UIApplicationSupportsIndirectInputEvents = YES;
				INFOPLIST_KEY_UILaunchScreen_Generation = YES;
				INFOPLIST_KEY_UISupportedInterfaceOrientations_iPad = "UIInterfaceOrientationPortrait UIInterfaceOrientationPortraitUpsideDown UIInterfaceOrientationLandscapeLeft UIInterfaceOrientationLandscapeRight";
				INFOPLIST_KEY_UISupportedInterfaceOrientations_iPhone = "UIInterfaceOrientationPortrait UIInterfaceOrientationLandscapeLeft UIInterfaceOrientationLandscapeRight";
				LD_RUNPATH_SEARCH_PATHS = (
					"$(inherited)",
					"@executable_path/Frameworks",
				);
				MARKETING_VERSION = 1.0;
				PRODUCT_BUNDLE_IDENTIFIER = com.diego.Cats;
				PRODUCT_NAME = "$(TARGET_NAME)";
				PROVISIONING_PROFILE_SPECIFIER = "";
				SWIFT_EMIT_LOC_STRINGS = YES;
				SWIFT_VERSION = 5.0;
				TARGETED_DEVICE_FAMILY = "1,2";
			};
			name = Release;
		};
/* End XCBuildConfiguration section */

/* Begin XCConfigurationList section */
		2FE05B602CBEECF5000C00C8 /* Build configuration list for PBXProject "Cats" */ = {
			isa = XCConfigurationList;
			buildConfigurations = (
				2FE05B712CBEECF8000C00C8 /* Debug */,
				2FE05B722CBEECF8000C00C8 /* Release */,
			);
			defaultConfigurationIsVisible = 0;
			defaultConfigurationName = Release;
		};
		2FE05B732CBEECF8000C00C8 /* Build configuration list for PBXNativeTarget "Cats" */ = {
			isa = XCConfigurationList;
			buildConfigurations = (
				2FE05B742CBEECF8000C00C8 /* Debug */,
				2FE05B752CBEECF8000C00C8 /* Release */,
			);
			defaultConfigurationIsVisible = 0;
			defaultConfigurationName = Release;
		};
/* End XCConfigurationList section */
	};
	rootObject = 2FE05B5D2CBEECF5000C00C8 /* Project object */;
}
